
Microsoft Visual Studio Solution File, Format Version 12.00
# Visual Studio Version 17
VisualStudioVersion = 17.4.33205.214
MinimumVisualStudioVersion = 10.0.40219.1
Project("{9A19103F-16F7-4668-BE54-9A1E7A4F7556}") = "DisciplesClient-Update-Service", "DisciplesClient-Update-Service\DisciplesClient-Update-Service.csproj", "{6A0FFF61-672A-4F49-9C4D-9E2D6A721C89}"
EndProject
Project("{9A19103F-16F7-4668-BE54-9A1E7A4F7556}") = "Disciples2ApiModels", "Disciples2ApiModels\Disciples2ApiModels.csproj", "{67C31DB4-C7D7-47E6-9956-8BD4DA19AC77}"
EndProject
Project("{FAE04EC0-301F-11D3-BF4B-00C04F79EFBC}") = "Disciples2ClientDataBaseModels", "Disciples2ClientDataBaseLibrary\Disciples2ClientDataBaseModels.csproj", "{ED5C06FC-0164-4F45-AE87-C0842C7A4951}"
EndProject
Global
	GlobalSection(SolutionConfigurationPlatforms) = preSolution
		Debug|Any CPU = Debug|Any CPU
		Release|Any CPU = Release|Any CPU
	EndGlobalSection
	GlobalSection(ProjectConfigurationPlatforms) = postSolution
		{6A0FFF61-672A-4F49-9C4D-9E2D6A721C89}.Debug|Any CPU.ActiveCfg = Debug|Any CPU
		{6A0FFF61-672A-4F49-9C4D-9E2D6A721C89}.Debug|Any CPU.Build.0 = Debug|Any CPU
		{6A0FFF61-672A-4F49-9C4D-9E2D6A721C89}.Release|Any CPU.ActiveCfg = Release|Any CPU
		{6A0FFF61-672A-4F49-9C4D-9E2D6A721C89}.Release|Any CPU.Build.0 = Release|Any CPU
		{67C31DB4-C7D7-47E6-9956-8BD4DA19AC77}.Debug|Any CPU.ActiveCfg = Release|Any CPU
		{67C31DB4-C7D7-47E6-9956-8BD4DA19AC77}.Debug|Any CPU.Build.0 = Release|Any CPU
		{67C31DB4-C7D7-47E6-9956-8BD4DA19AC77}.Release|Any CPU.ActiveCfg = Release|Any CPU
		{67C31DB4-C7D7-47E6-9956-8BD4DA19AC77}.Release|Any CPU.Build.0 = Release|Any CPU
		{ED5C06FC-0164-4F45-AE87-C0842C7A4951}.Debug|Any CPU.ActiveCfg = Debug|Any CPU
		{ED5C06FC-0164-4F45-AE87-C0842C7A4951}.Debug|Any CPU.Build.0 = Debug|Any CPU
		{ED5C06FC-0164-4F45-AE87-C0842C7A4951}.Release|Any CPU.ActiveCfg = Release|Any CPU
		{ED5C06FC-0164-4F45-AE87-C0842C7A4951}.Release|Any CPU.Build.0 = Release|Any CPU
	EndGlobalSection
	GlobalSection(SolutionProperties) = preSolution
		HideSolutionNode = FALSE
	EndGlobalSection
	GlobalSection(ExtensibilityGlobals) = postSolution
		SolutionGuid = {C3E8A9A6-8961-4AFD-9FAF-E7A86BD8822A}
	EndGlobalSection
EndGlobal
