
Microsoft Visual Studio Solution File, Format Version 12.00
# Visual Studio Version 17
VisualStudioVersion = 17.4.33205.214
MinimumVisualStudioVersion = 10.0.40219.1
Project("{9A19103F-16F7-4668-BE54-9A1E7A4F7556}") = "DisciplesClient-Update-Service", "DisciplesClient-Update-Service\DisciplesClient-Update-Service.csproj", "{6A0FFF61-672A-4F49-9C4D-9E2D6A721C89}"
EndProject
Project("{9A19103F-16F7-4668-BE54-9A1E7A4F7556}") = "Disciples2ApiModels", "Disciples2ApiModels\Disciples2ApiModels.csproj", "{67C31DB4-C7D7-47E6-9956-8BD4DA19AC77}"
EndProject
Project("{9A19103F-16F7-4668-BE54-9A1E7A4F7556}") = "Disciples2ClientDataBaseModels", "Disciples2ClientDataBaseLibrary\Disciples2ClientDataBaseModels.csproj", "{ED5C06FC-0164-4F45-AE87-C0842C7A4951}"
EndProject
Project("{9A19103F-16F7-4668-BE54-9A1E7A4F7556}") = "DisciplesClient-Update-ServiceTests", "DisciplesClient-Update-ServiceTests\DisciplesClient-Update-ServiceTests.csproj", "{D4A09F7F-22E7-4A55-91B1-464CF87615FB}"
EndProject
Project("{9A19103F-16F7-4668-BE54-9A1E7A4F7556}") = "AdminAndAuthorClient", "AdminAndAuthorClient\AdminAndAuthorClient.csproj", "{A00696E7-1336-47C2-8F9D-E618EA6B2485}"
EndProject
Project("{2150E333-8FDC-42A3-9474-1A3956D46DE8}") = "D2Launcher", "D2Launcher", "{DFA9D977-680A-4EEC-8C2C-62BA21A62700}"
EndProject
Project("{9A19103F-16F7-4668-BE54-9A1E7A4F7556}") = "D2Launcher", "D2Launcher\D2Launcher.csproj", "{19BDFC8F-033E-49F8-91E7-514B10F5E7EB}"
EndProject
Project("{9A19103F-16F7-4668-BE54-9A1E7A4F7556}") = "UserCache", "UserCacheAdapter\UserCache.csproj", "{63EB1F9F-2478-4DE3-927A-73435D373FA5}"
EndProject
Project("{FAE04EC0-301F-11D3-BF4B-00C04F79EFBC}") = "Disciples2.Info", "Disciples2.Info\Disciples2.Info.csproj", "{B7EE7FC8-AF05-40EF-90BD-32B37B6CE7E9}"
EndProject
Global
	GlobalSection(SolutionConfigurationPlatforms) = preSolution
		Debug|Any CPU = Debug|Any CPU
		Release|Any CPU = Release|Any CPU
	EndGlobalSection
	GlobalSection(ProjectConfigurationPlatforms) = postSolution
		{6A0FFF61-672A-4F49-9C4D-9E2D6A721C89}.Debug|Any CPU.ActiveCfg = Debug|Any CPU
		{6A0FFF61-672A-4F49-9C4D-9E2D6A721C89}.Debug|Any CPU.Build.0 = Debug|Any CPU
		{6A0FFF61-672A-4F49-9C4D-9E2D6A721C89}.Release|Any CPU.ActiveCfg = Release|Any CPU
		{6A0FFF61-672A-4F49-9C4D-9E2D6A721C89}.Release|Any CPU.Build.0 = Release|Any CPU
		{67C31DB4-C7D7-47E6-9956-8BD4DA19AC77}.Debug|Any CPU.ActiveCfg = Debug|Any CPU
		{67C31DB4-C7D7-47E6-9956-8BD4DA19AC77}.Debug|Any CPU.Build.0 = Debug|Any CPU
		{67C31DB4-C7D7-47E6-9956-8BD4DA19AC77}.Release|Any CPU.ActiveCfg = Release|Any CPU
		{67C31DB4-C7D7-47E6-9956-8BD4DA19AC77}.Release|Any CPU.Build.0 = Release|Any CPU
		{ED5C06FC-0164-4F45-AE87-C0842C7A4951}.Debug|Any CPU.ActiveCfg = Debug|Any CPU
		{ED5C06FC-0164-4F45-AE87-C0842C7A4951}.Debug|Any CPU.Build.0 = Debug|Any CPU
		{ED5C06FC-0164-4F45-AE87-C0842C7A4951}.Release|Any CPU.ActiveCfg = Release|Any CPU
		{ED5C06FC-0164-4F45-AE87-C0842C7A4951}.Release|Any CPU.Build.0 = Release|Any CPU
		{D4A09F7F-22E7-4A55-91B1-464CF87615FB}.Debug|Any CPU.ActiveCfg = Debug|Any CPU
		{D4A09F7F-22E7-4A55-91B1-464CF87615FB}.Debug|Any CPU.Build.0 = Debug|Any CPU
		{D4A09F7F-22E7-4A55-91B1-464CF87615FB}.Release|Any CPU.ActiveCfg = Release|Any CPU
		{D4A09F7F-22E7-4A55-91B1-464CF87615FB}.Release|Any CPU.Build.0 = Release|Any CPU
		{A00696E7-1336-47C2-8F9D-E618EA6B2485}.Debug|Any CPU.ActiveCfg = Debug|Any CPU
		{A00696E7-1336-47C2-8F9D-E618EA6B2485}.Debug|Any CPU.Build.0 = Debug|Any CPU
		{A00696E7-1336-47C2-8F9D-E618EA6B2485}.Release|Any CPU.ActiveCfg = Release|Any CPU
		{A00696E7-1336-47C2-8F9D-E618EA6B2485}.Release|Any CPU.Build.0 = Release|Any CPU
		{19BDFC8F-033E-49F8-91E7-514B10F5E7EB}.Debug|Any CPU.ActiveCfg = Debug|Any CPU
		{19BDFC8F-033E-49F8-91E7-514B10F5E7EB}.Debug|Any CPU.Build.0 = Debug|Any CPU
		{19BDFC8F-033E-49F8-91E7-514B10F5E7EB}.Release|Any CPU.ActiveCfg = Release|Any CPU
		{19BDFC8F-033E-49F8-91E7-514B10F5E7EB}.Release|Any CPU.Build.0 = Release|Any CPU
		{63EB1F9F-2478-4DE3-927A-73435D373FA5}.Debug|Any CPU.ActiveCfg = Debug|Any CPU
		{63EB1F9F-2478-4DE3-927A-73435D373FA5}.Debug|Any CPU.Build.0 = Debug|Any CPU
		{63EB1F9F-2478-4DE3-927A-73435D373FA5}.Release|Any CPU.ActiveCfg = Release|Any CPU
		{63EB1F9F-2478-4DE3-927A-73435D373FA5}.Release|Any CPU.Build.0 = Release|Any CPU
		{B7EE7FC8-AF05-40EF-90BD-32B37B6CE7E9}.Debug|Any CPU.ActiveCfg = Debug|Any CPU
		{B7EE7FC8-AF05-40EF-90BD-32B37B6CE7E9}.Debug|Any CPU.Build.0 = Debug|Any CPU
		{B7EE7FC8-AF05-40EF-90BD-32B37B6CE7E9}.Release|Any CPU.ActiveCfg = Release|Any CPU
		{B7EE7FC8-AF05-40EF-90BD-32B37B6CE7E9}.Release|Any CPU.Build.0 = Release|Any CPU
	EndGlobalSection
	GlobalSection(SolutionProperties) = preSolution
		HideSolutionNode = FALSE
	EndGlobalSection
	GlobalSection(NestedProjects) = preSolution
		{19BDFC8F-033E-49F8-91E7-514B10F5E7EB} = {DFA9D977-680A-4EEC-8C2C-62BA21A62700}
	EndGlobalSection
	GlobalSection(ExtensibilityGlobals) = postSolution
		SolutionGuid = {C3E8A9A6-8961-4AFD-9FAF-E7A86BD8822A}
	EndGlobalSection
EndGlobal
